
Microsoft Visual Studio Solution File, Format Version 12.00
# Visual Studio 2013
VisualStudioVersion = 12.0.31101.0
MinimumVisualStudioVersion = 10.0.40219.1
Project("{FAE04EC0-301F-11D3-BF4B-00C04F79EFBC}") = "BounceTest", "BounceTest\BounceTest.csproj", "{E3BA8186-FE45-494A-BD79-8673A361857A}"
EndProject
Project("{FAE04EC0-301F-11D3-BF4B-00C04F79EFBC}") = "BounceTest.WindowsPhone", "BounceTest.WindowsPhone\BounceTest.WindowsPhone.csproj", "{72778D87-238A-4F25-AD7F-10098E8377EB}"
EndProject
Project("{D954291E-2A0B-460D-934E-DC6B0785DB48}") = "App1", "App1\App1\App1.shproj", "{9DC8CCAC-4111-40CA-B3E4-75980BCDF4AE}"
EndProject
Project("{FAE04EC0-301F-11D3-BF4B-00C04F79EFBC}") = "BounceTest.iOS", "BounceTest.iOS\BounceTest.iOS.csproj", "{9471883D-11D7-4498-BE5A-8B2ABB3D87BC}"
EndProject
Global
	GlobalSection(SharedMSBuildProjectFiles) = preSolution
		App1\App1\App1.projitems*{e3ba8186-fe45-494a-bd79-8673a361857a}*SharedItemsImports = 4
		App1\App1\App1.projitems*{9dc8ccac-4111-40ca-b3e4-75980bcdf4ae}*SharedItemsImports = 13
		App1\App1\App1.projitems*{9471883d-11d7-4498-be5a-8b2abb3d87bc}*SharedItemsImports = 4
		App1\App1\App1.projitems*{72778d87-238a-4f25-ad7f-10098e8377eb}*SharedItemsImports = 4
	EndGlobalSection
	GlobalSection(SolutionConfigurationPlatforms) = preSolution
		Ad-Hoc|Any CPU = Ad-Hoc|Any CPU
		Ad-Hoc|ARM = Ad-Hoc|ARM
		Ad-Hoc|iPhone = Ad-Hoc|iPhone
		Ad-Hoc|iPhoneSimulator = Ad-Hoc|iPhoneSimulator
		Ad-Hoc|Mixed Platforms = Ad-Hoc|Mixed Platforms
		Ad-Hoc|x86 = Ad-Hoc|x86
		AppStore|Any CPU = AppStore|Any CPU
		AppStore|ARM = AppStore|ARM
		AppStore|iPhone = AppStore|iPhone
		AppStore|iPhoneSimulator = AppStore|iPhoneSimulator
		AppStore|Mixed Platforms = AppStore|Mixed Platforms
		AppStore|x86 = AppStore|x86
		Debug|Any CPU = Debug|Any CPU
		Debug|ARM = Debug|ARM
		Debug|iPhone = Debug|iPhone
		Debug|iPhoneSimulator = Debug|iPhoneSimulator
		Debug|Mixed Platforms = Debug|Mixed Platforms
		Debug|x86 = Debug|x86
		Release|Any CPU = Release|Any CPU
		Release|ARM = Release|ARM
		Release|iPhone = Release|iPhone
		Release|iPhoneSimulator = Release|iPhoneSimulator
		Release|Mixed Platforms = Release|Mixed Platforms
		Release|x86 = Release|x86
	EndGlobalSection
	GlobalSection(ProjectConfigurationPlatforms) = postSolution
		{E3BA8186-FE45-494A-BD79-8673A361857A}.Ad-Hoc|Any CPU.ActiveCfg = Release|Any CPU
		{E3BA8186-FE45-494A-BD79-8673A361857A}.Ad-Hoc|Any CPU.Build.0 = Release|Any CPU
		{E3BA8186-FE45-494A-BD79-8673A361857A}.Ad-Hoc|Any CPU.Deploy.0 = Release|Any CPU
		{E3BA8186-FE45-494A-BD79-8673A361857A}.Ad-Hoc|ARM.ActiveCfg = Release|Any CPU
		{E3BA8186-FE45-494A-BD79-8673A361857A}.Ad-Hoc|iPhone.ActiveCfg = Release|Any CPU
		{E3BA8186-FE45-494A-BD79-8673A361857A}.Ad-Hoc|iPhoneSimulator.ActiveCfg = Release|Any CPU
		{E3BA8186-FE45-494A-BD79-8673A361857A}.Ad-Hoc|Mixed Platforms.ActiveCfg = Release|Any CPU
		{E3BA8186-FE45-494A-BD79-8673A361857A}.Ad-Hoc|Mixed Platforms.Build.0 = Release|Any CPU
		{E3BA8186-FE45-494A-BD79-8673A361857A}.Ad-Hoc|Mixed Platforms.Deploy.0 = Release|Any CPU
		{E3BA8186-FE45-494A-BD79-8673A361857A}.Ad-Hoc|x86.ActiveCfg = Release|Any CPU
		{E3BA8186-FE45-494A-BD79-8673A361857A}.AppStore|Any CPU.ActiveCfg = Release|Any CPU
		{E3BA8186-FE45-494A-BD79-8673A361857A}.AppStore|Any CPU.Build.0 = Release|Any CPU
		{E3BA8186-FE45-494A-BD79-8673A361857A}.AppStore|Any CPU.Deploy.0 = Release|Any CPU
		{E3BA8186-FE45-494A-BD79-8673A361857A}.AppStore|ARM.ActiveCfg = Release|Any CPU
		{E3BA8186-FE45-494A-BD79-8673A361857A}.AppStore|iPhone.ActiveCfg = Release|Any CPU
		{E3BA8186-FE45-494A-BD79-8673A361857A}.AppStore|iPhoneSimulator.ActiveCfg = Release|Any CPU
		{E3BA8186-FE45-494A-BD79-8673A361857A}.AppStore|Mixed Platforms.ActiveCfg = Release|Any CPU
		{E3BA8186-FE45-494A-BD79-8673A361857A}.AppStore|Mixed Platforms.Build.0 = Release|Any CPU
		{E3BA8186-FE45-494A-BD79-8673A361857A}.AppStore|Mixed Platforms.Deploy.0 = Release|Any CPU
		{E3BA8186-FE45-494A-BD79-8673A361857A}.AppStore|x86.ActiveCfg = Release|Any CPU
		{E3BA8186-FE45-494A-BD79-8673A361857A}.Debug|Any CPU.ActiveCfg = Debug|Any CPU
		{E3BA8186-FE45-494A-BD79-8673A361857A}.Debug|Any CPU.Build.0 = Debug|Any CPU
		{E3BA8186-FE45-494A-BD79-8673A361857A}.Debug|Any CPU.Deploy.0 = Debug|Any CPU
		{E3BA8186-FE45-494A-BD79-8673A361857A}.Debug|ARM.ActiveCfg = Debug|Any CPU
		{E3BA8186-FE45-494A-BD79-8673A361857A}.Debug|iPhone.ActiveCfg = Debug|Any CPU
		{E3BA8186-FE45-494A-BD79-8673A361857A}.Debug|iPhoneSimulator.ActiveCfg = Debug|Any CPU
		{E3BA8186-FE45-494A-BD79-8673A361857A}.Debug|Mixed Platforms.ActiveCfg = Debug|Any CPU
		{E3BA8186-FE45-494A-BD79-8673A361857A}.Debug|Mixed Platforms.Build.0 = Debug|Any CPU
		{E3BA8186-FE45-494A-BD79-8673A361857A}.Debug|Mixed Platforms.Deploy.0 = Debug|Any CPU
		{E3BA8186-FE45-494A-BD79-8673A361857A}.Debug|x86.ActiveCfg = Debug|Any CPU
		{E3BA8186-FE45-494A-BD79-8673A361857A}.Release|Any CPU.ActiveCfg = Release|Any CPU
		{E3BA8186-FE45-494A-BD79-8673A361857A}.Release|Any CPU.Build.0 = Release|Any CPU
		{E3BA8186-FE45-494A-BD79-8673A361857A}.Release|Any CPU.Deploy.0 = Release|Any CPU
		{E3BA8186-FE45-494A-BD79-8673A361857A}.Release|ARM.ActiveCfg = Release|Any CPU
		{E3BA8186-FE45-494A-BD79-8673A361857A}.Release|iPhone.ActiveCfg = Release|Any CPU
		{E3BA8186-FE45-494A-BD79-8673A361857A}.Release|iPhoneSimulator.ActiveCfg = Release|Any CPU
		{E3BA8186-FE45-494A-BD79-8673A361857A}.Release|Mixed Platforms.ActiveCfg = Release|Any CPU
		{E3BA8186-FE45-494A-BD79-8673A361857A}.Release|Mixed Platforms.Build.0 = Release|Any CPU
		{E3BA8186-FE45-494A-BD79-8673A361857A}.Release|Mixed Platforms.Deploy.0 = Release|Any CPU
		{E3BA8186-FE45-494A-BD79-8673A361857A}.Release|x86.ActiveCfg = Release|Any CPU
		{72778D87-238A-4F25-AD7F-10098E8377EB}.Ad-Hoc|Any CPU.ActiveCfg = Release|x86
		{72778D87-238A-4F25-AD7F-10098E8377EB}.Ad-Hoc|ARM.ActiveCfg = Release|ARM
		{72778D87-238A-4F25-AD7F-10098E8377EB}.Ad-Hoc|ARM.Build.0 = Release|ARM
		{72778D87-238A-4F25-AD7F-10098E8377EB}.Ad-Hoc|ARM.Deploy.0 = Release|ARM
		{72778D87-238A-4F25-AD7F-10098E8377EB}.Ad-Hoc|iPhone.ActiveCfg = Release|x86
		{72778D87-238A-4F25-AD7F-10098E8377EB}.Ad-Hoc|iPhoneSimulator.ActiveCfg = Release|x86
		{72778D87-238A-4F25-AD7F-10098E8377EB}.Ad-Hoc|Mixed Platforms.ActiveCfg = Release|x86
		{72778D87-238A-4F25-AD7F-10098E8377EB}.Ad-Hoc|Mixed Platforms.Build.0 = Release|x86
		{72778D87-238A-4F25-AD7F-10098E8377EB}.Ad-Hoc|Mixed Platforms.Deploy.0 = Release|x86
		{72778D87-238A-4F25-AD7F-10098E8377EB}.Ad-Hoc|x86.ActiveCfg = Release|x86
		{72778D87-238A-4F25-AD7F-10098E8377EB}.Ad-Hoc|x86.Build.0 = Release|x86
		{72778D87-238A-4F25-AD7F-10098E8377EB}.Ad-Hoc|x86.Deploy.0 = Release|x86
		{72778D87-238A-4F25-AD7F-10098E8377EB}.AppStore|Any CPU.ActiveCfg = Release|x86
		{72778D87-238A-4F25-AD7F-10098E8377EB}.AppStore|ARM.ActiveCfg = Release|ARM
		{72778D87-238A-4F25-AD7F-10098E8377EB}.AppStore|ARM.Build.0 = Release|ARM
		{72778D87-238A-4F25-AD7F-10098E8377EB}.AppStore|ARM.Deploy.0 = Release|ARM
		{72778D87-238A-4F25-AD7F-10098E8377EB}.AppStore|iPhone.ActiveCfg = Release|x86
		{72778D87-238A-4F25-AD7F-10098E8377EB}.AppStore|iPhoneSimulator.ActiveCfg = Release|x86
		{72778D87-238A-4F25-AD7F-10098E8377EB}.AppStore|Mixed Platforms.ActiveCfg = Release|x86
		{72778D87-238A-4F25-AD7F-10098E8377EB}.AppStore|Mixed Platforms.Build.0 = Release|x86
		{72778D87-238A-4F25-AD7F-10098E8377EB}.AppStore|Mixed Platforms.Deploy.0 = Release|x86
		{72778D87-238A-4F25-AD7F-10098E8377EB}.AppStore|x86.ActiveCfg = Release|x86
		{72778D87-238A-4F25-AD7F-10098E8377EB}.AppStore|x86.Build.0 = Release|x86
		{72778D87-238A-4F25-AD7F-10098E8377EB}.AppStore|x86.Deploy.0 = Release|x86
		{72778D87-238A-4F25-AD7F-10098E8377EB}.Debug|Any CPU.ActiveCfg = Debug|x86
		{72778D87-238A-4F25-AD7F-10098E8377EB}.Debug|ARM.ActiveCfg = Debug|ARM
		{72778D87-238A-4F25-AD7F-10098E8377EB}.Debug|ARM.Build.0 = Debug|ARM
		{72778D87-238A-4F25-AD7F-10098E8377EB}.Debug|ARM.Deploy.0 = Debug|ARM
		{72778D87-238A-4F25-AD7F-10098E8377EB}.Debug|iPhone.ActiveCfg = Debug|x86
		{72778D87-238A-4F25-AD7F-10098E8377EB}.Debug|iPhoneSimulator.ActiveCfg = Debug|x86
		{72778D87-238A-4F25-AD7F-10098E8377EB}.Debug|Mixed Platforms.ActiveCfg = Debug|x86
		{72778D87-238A-4F25-AD7F-10098E8377EB}.Debug|Mixed Platforms.Build.0 = Debug|x86
		{72778D87-238A-4F25-AD7F-10098E8377EB}.Debug|Mixed Platforms.Deploy.0 = Debug|x86
		{72778D87-238A-4F25-AD7F-10098E8377EB}.Debug|x86.ActiveCfg = Debug|x86
		{72778D87-238A-4F25-AD7F-10098E8377EB}.Debug|x86.Build.0 = Debug|x86
		{72778D87-238A-4F25-AD7F-10098E8377EB}.Debug|x86.Deploy.0 = Debug|x86
		{72778D87-238A-4F25-AD7F-10098E8377EB}.Release|Any CPU.ActiveCfg = Release|x86
		{72778D87-238A-4F25-AD7F-10098E8377EB}.Release|ARM.ActiveCfg = Release|ARM
		{72778D87-238A-4F25-AD7F-10098E8377EB}.Release|ARM.Build.0 = Release|ARM
		{72778D87-238A-4F25-AD7F-10098E8377EB}.Release|ARM.Deploy.0 = Release|ARM
		{72778D87-238A-4F25-AD7F-10098E8377EB}.Release|iPhone.ActiveCfg = Release|x86
		{72778D87-238A-4F25-AD7F-10098E8377EB}.Release|iPhoneSimulator.ActiveCfg = Release|x86
		{72778D87-238A-4F25-AD7F-10098E8377EB}.Release|Mixed Platforms.ActiveCfg = Release|x86
		{72778D87-238A-4F25-AD7F-10098E8377EB}.Release|Mixed Platforms.Build.0 = Release|x86
		{72778D87-238A-4F25-AD7F-10098E8377EB}.Release|Mixed Platforms.Deploy.0 = Release|x86
		{72778D87-238A-4F25-AD7F-10098E8377EB}.Release|x86.ActiveCfg = Release|x86
		{72778D87-238A-4F25-AD7F-10098E8377EB}.Release|x86.Build.0 = Release|x86
		{72778D87-238A-4F25-AD7F-10098E8377EB}.Release|x86.Deploy.0 = Release|x86
		{9471883D-11D7-4498-BE5A-8B2ABB3D87BC}.Ad-Hoc|Any CPU.ActiveCfg = Ad-Hoc|iPhone
		{9471883D-11D7-4498-BE5A-8B2ABB3D87BC}.Ad-Hoc|ARM.ActiveCfg = Ad-Hoc|iPhone
		{9471883D-11D7-4498-BE5A-8B2ABB3D87BC}.Ad-Hoc|iPhone.ActiveCfg = Ad-Hoc|iPhone
		{9471883D-11D7-4498-BE5A-8B2ABB3D87BC}.Ad-Hoc|iPhone.Build.0 = Ad-Hoc|iPhone
		{9471883D-11D7-4498-BE5A-8B2ABB3D87BC}.Ad-Hoc|iPhoneSimulator.ActiveCfg = Ad-Hoc|iPhoneSimulator
		{9471883D-11D7-4498-BE5A-8B2ABB3D87BC}.Ad-Hoc|iPhoneSimulator.Build.0 = Ad-Hoc|iPhoneSimulator
		{9471883D-11D7-4498-BE5A-8B2ABB3D87BC}.Ad-Hoc|Mixed Platforms.ActiveCfg = Ad-Hoc|iPhone
		{9471883D-11D7-4498-BE5A-8B2ABB3D87BC}.Ad-Hoc|Mixed Platforms.Build.0 = Ad-Hoc|iPhone
		{9471883D-11D7-4498-BE5A-8B2ABB3D87BC}.Ad-Hoc|x86.ActiveCfg = Ad-Hoc|iPhone
		{9471883D-11D7-4498-BE5A-8B2ABB3D87BC}.AppStore|Any CPU.ActiveCfg = AppStore|iPhone
		{9471883D-11D7-4498-BE5A-8B2ABB3D87BC}.AppStore|ARM.ActiveCfg = AppStore|iPhone
		{9471883D-11D7-4498-BE5A-8B2ABB3D87BC}.AppStore|iPhone.ActiveCfg = AppStore|iPhone
		{9471883D-11D7-4498-BE5A-8B2ABB3D87BC}.AppStore|iPhone.Build.0 = AppStore|iPhone
		{9471883D-11D7-4498-BE5A-8B2ABB3D87BC}.AppStore|iPhoneSimulator.ActiveCfg = AppStore|iPhoneSimulator
		{9471883D-11D7-4498-BE5A-8B2ABB3D87BC}.AppStore|iPhoneSimulator.Build.0 = AppStore|iPhoneSimulator
		{9471883D-11D7-4498-BE5A-8B2ABB3D87BC}.AppStore|Mixed Platforms.ActiveCfg = AppStore|iPhone
		{9471883D-11D7-4498-BE5A-8B2ABB3D87BC}.AppStore|Mixed Platforms.Build.0 = AppStore|iPhone
		{9471883D-11D7-4498-BE5A-8B2ABB3D87BC}.AppStore|x86.ActiveCfg = AppStore|iPhone
		{9471883D-11D7-4498-BE5A-8B2ABB3D87BC}.Debug|Any CPU.ActiveCfg = Debug|iPhone
		{9471883D-11D7-4498-BE5A-8B2ABB3D87BC}.Debug|ARM.ActiveCfg = Debug|iPhone
		{9471883D-11D7-4498-BE5A-8B2ABB3D87BC}.Debug|iPhone.ActiveCfg = Debug|iPhone
		{9471883D-11D7-4498-BE5A-8B2ABB3D87BC}.Debug|iPhone.Build.0 = Debug|iPhone
		{9471883D-11D7-4498-BE5A-8B2ABB3D87BC}.Debug|iPhoneSimulator.ActiveCfg = Debug|iPhoneSimulator
		{9471883D-11D7-4498-BE5A-8B2ABB3D87BC}.Debug|iPhoneSimulator.Build.0 = Debug|iPhoneSimulator
		{9471883D-11D7-4498-BE5A-8B2ABB3D87BC}.Debug|Mixed Platforms.ActiveCfg = Debug|iPhone
		{9471883D-11D7-4498-BE5A-8B2ABB3D87BC}.Debug|Mixed Platforms.Build.0 = Debug|iPhone
		{9471883D-11D7-4498-BE5A-8B2ABB3D87BC}.Debug|x86.ActiveCfg = Debug|iPhone
		{9471883D-11D7-4498-BE5A-8B2ABB3D87BC}.Release|Any CPU.ActiveCfg = Release|iPhone
		{9471883D-11D7-4498-BE5A-8B2ABB3D87BC}.Release|ARM.ActiveCfg = Release|iPhone
		{9471883D-11D7-4498-BE5A-8B2ABB3D87BC}.Release|iPhone.ActiveCfg = Release|iPhone
		{9471883D-11D7-4498-BE5A-8B2ABB3D87BC}.Release|iPhone.Build.0 = Release|iPhone
		{9471883D-11D7-4498-BE5A-8B2ABB3D87BC}.Release|iPhoneSimulator.ActiveCfg = Release|iPhoneSimulator
		{9471883D-11D7-4498-BE5A-8B2ABB3D87BC}.Release|iPhoneSimulator.Build.0 = Release|iPhoneSimulator
		{9471883D-11D7-4498-BE5A-8B2ABB3D87BC}.Release|Mixed Platforms.ActiveCfg = Release|iPhone
		{9471883D-11D7-4498-BE5A-8B2ABB3D87BC}.Release|Mixed Platforms.Build.0 = Release|iPhone
		{9471883D-11D7-4498-BE5A-8B2ABB3D87BC}.Release|x86.ActiveCfg = Release|iPhone
	EndGlobalSection
	GlobalSection(SolutionProperties) = preSolution
		HideSolutionNode = FALSE
	EndGlobalSection
EndGlobal
